
Microsoft Visual Studio Solution File, Format Version 12.00
# Visual Studio Version 16
VisualStudioVersion = 16.0.30907.101
MinimumVisualStudioVersion = 10.0.40219.1
Project("{FAE04EC0-301F-11D3-BF4B-00C04F79EFBC}") = "EditedBookList", "EditedBookList.csproj", "{553F5457-1231-49A6-BCB3-163F977CEA42}"
EndProject
Global
	GlobalSection(SolutionConfigurationPlatforms) = preSolution
		Debug|Any CPU = Debug|Any CPU
		Release|Any CPU = Release|Any CPU
	EndGlobalSection
	GlobalSection(ProjectConfigurationPlatforms) = postSolution
		{553F5457-1231-49A6-BCB3-163F977CEA42}.Debug|Any CPU.ActiveCfg = Debug|Any CPU
		{553F5457-1231-49A6-BCB3-163F977CEA42}.Debug|Any CPU.Build.0 = Debug|Any CPU
		{553F5457-1231-49A6-BCB3-163F977CEA42}.Release|Any CPU.ActiveCfg = Release|Any CPU
		{553F5457-1231-49A6-BCB3-163F977CEA42}.Release|Any CPU.Build.0 = Release|Any CPU
	EndGlobalSection
	GlobalSection(SolutionProperties) = preSolution
		HideSolutionNode = FALSE
	EndGlobalSection
	GlobalSection(ExtensibilityGlobals) = postSolution
		SolutionGuid = {FDBD95F3-5EB8-4A10-826A-41373C8342BD}
	EndGlobalSection
EndGlobal
